
Microsoft Visual Studio Solution File, Format Version 12.00
# Visual Studio Version 16
VisualStudioVersion = 16.0.31729.503
MinimumVisualStudioVersion = 10.0.40219.1
Project("{8BC9CEB8-8B4A-11D0-8D11-00A0C91BC942}") = "TestApp", "TestApp\TestApp.vcxproj", "{7692F93E-DDD3-4AE6-917D-6EE2D89CE144}"
EndProject
Global
	GlobalSection(SolutionConfigurationPlatforms) = preSolution
		Debug|x64 = Debug|x64
		Debug|x86 = Debug|x86
		Release|x64 = Release|x64
		Release|x86 = Release|x86
	EndGlobalSection
	GlobalSection(ProjectConfigurationPlatforms) = postSolution
		{7692F93E-DDD3-4AE6-917D-6EE2D89CE144}.Debug|x64.ActiveCfg = Debug|x64
		{7692F93E-DDD3-4AE6-917D-6EE2D89CE144}.Debug|x64.Build.0 = Debug|x64
		{7692F93E-DDD3-4AE6-917D-6EE2D89CE144}.Debug|x86.ActiveCfg = Debug|Win32
		{7692F93E-DDD3-4AE6-917D-6EE2D89CE144}.Debug|x86.Build.0 = Debug|Win32
		{7692F93E-DDD3-4AE6-917D-6EE2D89CE144}.Release|x64.ActiveCfg = Release|x64
		{7692F93E-DDD3-4AE6-917D-6EE2D89CE144}.Release|x64.Build.0 = Release|x64
		{7692F93E-DDD3-4AE6-917D-6EE2D89CE144}.Release|x86.ActiveCfg = Release|Win32
		{7692F93E-DDD3-4AE6-917D-6EE2D89CE144}.Release|x86.Build.0 = Release|Win32
	EndGlobalSection
	GlobalSection(SolutionProperties) = preSolution
		HideSolutionNode = FALSE
	EndGlobalSection
	GlobalSection(ExtensibilityGlobals) = postSolution
		SolutionGuid = {F8CC3620-4A42-4957-9D9C-C938E1F8551A}
	EndGlobalSection
EndGlobal
